
Microsoft Visual Studio Solution File, Format Version 12.00
# Visual Studio 15
Project("{FAE04EC0-301F-11D3-BF4B-00C04F79EFBC}") = "Assembly-CSharp", "Assembly-CSharp.csproj", "{B2861AAD-CC16-6A03-8E4A-CE6F74BF3199}"
EndProject
Project("{FAE04EC0-301F-11D3-BF4B-00C04F79EFBC}") = "Assembly-CSharp-Editor", "Assembly-CSharp-Editor.csproj", "{82F7D923-9A5E-2E73-168D-917DC64E760C}"
EndProject
Project("{FAE04EC0-301F-11D3-BF4B-00C04F79EFBC}") = "GoogleMobileAds.Editor", "GoogleMobileAds.Editor.csproj", "{80E39E29-A2E7-F023-F72E-F198AE9E39F5}"
EndProject
Global
	GlobalSection(SolutionConfigurationPlatforms) = preSolution
		Debug|Any CPU = Debug|Any CPU
		Release|Any CPU = Release|Any CPU
	EndGlobalSection
	GlobalSection(ProjectConfigurationPlatforms) = postSolution
		{B2861AAD-CC16-6A03-8E4A-CE6F74BF3199}.Debug|Any CPU.ActiveCfg = Debug|Any CPU
		{B2861AAD-CC16-6A03-8E4A-CE6F74BF3199}.Debug|Any CPU.Build.0 = Debug|Any CPU
		{B2861AAD-CC16-6A03-8E4A-CE6F74BF3199}.Release|Any CPU.ActiveCfg = Release|Any CPU
		{B2861AAD-CC16-6A03-8E4A-CE6F74BF3199}.Release|Any CPU.Build.0 = Release|Any CPU
		{82F7D923-9A5E-2E73-168D-917DC64E760C}.Debug|Any CPU.ActiveCfg = Debug|Any CPU
		{82F7D923-9A5E-2E73-168D-917DC64E760C}.Debug|Any CPU.Build.0 = Debug|Any CPU
		{82F7D923-9A5E-2E73-168D-917DC64E760C}.Release|Any CPU.ActiveCfg = Release|Any CPU
		{82F7D923-9A5E-2E73-168D-917DC64E760C}.Release|Any CPU.Build.0 = Release|Any CPU
		{80E39E29-A2E7-F023-F72E-F198AE9E39F5}.Debug|Any CPU.ActiveCfg = Debug|Any CPU
		{80E39E29-A2E7-F023-F72E-F198AE9E39F5}.Debug|Any CPU.Build.0 = Debug|Any CPU
		{80E39E29-A2E7-F023-F72E-F198AE9E39F5}.Release|Any CPU.ActiveCfg = Release|Any CPU
		{80E39E29-A2E7-F023-F72E-F198AE9E39F5}.Release|Any CPU.Build.0 = Release|Any CPU
	EndGlobalSection
	GlobalSection(SolutionProperties) = preSolution
		HideSolutionNode = FALSE
	EndGlobalSection
EndGlobal
